
Microsoft Visual Studio Solution File, Format Version 12.00
# Visual Studio Version 17
VisualStudioVersion = 17.7.34031.279
MinimumVisualStudioVersion = 10.0.40219.1
Project("{9A19103F-16F7-4668-BE54-9A1E7A4F7556}") = "hospitalManagenetSystemAPI", "hospitalManagenetSystemAPI.csproj", "{7C90FCC6-229B-469E-B951-788944C7204B}"
EndProject
Project("{FAE04EC0-301F-11D3-BF4B-00C04F79EFBC}") = "Frontend", "..\Frontend\Frontend.csproj", "{27AA26DA-769E-44FD-9637-9DE4A9EAA815}"
EndProject
Project("{FAE04EC0-301F-11D3-BF4B-00C04F79EFBC}") = "UnitTestDriven", "..\UnitTestDriven\UnitTestDriven.csproj", "{0781D8D3-72B4-458A-9FAE-75CBA703DF49}"
EndProject
Global
	GlobalSection(SolutionConfigurationPlatforms) = preSolution
		Debug|Any CPU = Debug|Any CPU
		Release|Any CPU = Release|Any CPU
	EndGlobalSection
	GlobalSection(ProjectConfigurationPlatforms) = postSolution
		{7C90FCC6-229B-469E-B951-788944C7204B}.Debug|Any CPU.ActiveCfg = Debug|Any CPU
		{7C90FCC6-229B-469E-B951-788944C7204B}.Debug|Any CPU.Build.0 = Debug|Any CPU
		{7C90FCC6-229B-469E-B951-788944C7204B}.Release|Any CPU.ActiveCfg = Release|Any CPU
		{7C90FCC6-229B-469E-B951-788944C7204B}.Release|Any CPU.Build.0 = Release|Any CPU
		{27AA26DA-769E-44FD-9637-9DE4A9EAA815}.Debug|Any CPU.ActiveCfg = Debug|Any CPU
		{27AA26DA-769E-44FD-9637-9DE4A9EAA815}.Debug|Any CPU.Build.0 = Debug|Any CPU
		{27AA26DA-769E-44FD-9637-9DE4A9EAA815}.Release|Any CPU.ActiveCfg = Release|Any CPU
		{27AA26DA-769E-44FD-9637-9DE4A9EAA815}.Release|Any CPU.Build.0 = Release|Any CPU
		{0781D8D3-72B4-458A-9FAE-75CBA703DF49}.Debug|Any CPU.ActiveCfg = Debug|Any CPU
		{0781D8D3-72B4-458A-9FAE-75CBA703DF49}.Debug|Any CPU.Build.0 = Debug|Any CPU
		{0781D8D3-72B4-458A-9FAE-75CBA703DF49}.Release|Any CPU.ActiveCfg = Release|Any CPU
		{0781D8D3-72B4-458A-9FAE-75CBA703DF49}.Release|Any CPU.Build.0 = Release|Any CPU
	EndGlobalSection
	GlobalSection(SolutionProperties) = preSolution
		HideSolutionNode = FALSE
	EndGlobalSection
	GlobalSection(ExtensibilityGlobals) = postSolution
		SolutionGuid = {90423028-8F20-4453-AFE0-87F7799D278B}
	EndGlobalSection
EndGlobal
